set_global_assignment -name SYSTEMVERILOG_FILE /data/project/tsmc65/users/steinse/ws/my_k5_proj/hw/xlrs/LayerNorm/LayerNorm.sv

set_global_assignment -name SYSTEMVERILOG_FILE /data/project/tsmc65/users/steinse/ws/my_k5_proj/hw/xlrs/LayerNorm/zp.sv

set_global_assignment -name SYSTEMVERILOG_FILE /data/project/tsmc65/users/steinse/ws/my_k5_proj/hw/xlrs/LayerNorm/ex_ex2.sv

set_global_assignment -name SYSTEMVERILOG_FILE /data/project/tsmc65/users/steinse/ws/my_k5_proj/hw/xlrs/LayerNorm/PreProcess.sv

set_global_assignment -name SYSTEMVERILOG_FILE /data/project/tsmc65/users/steinse/ws/my_k5_proj/hw/xlrs/LayerNorm/Affine.sv
set_global_assignment -name VERILOG_MACRO "CRNT_XLR=LayerNorm"